// !$*UTF8*$!
{
	archiveVersion = 1;
	classes = {
	};
	objectVersion = 46;
	objects = {

/* Begin PBXBuildFile section */
		090046E81E21959B00411E01 /* main.m in Sources */ = {isa = PBXBuildFile; fileRef = 090046E71E21959B00411E01 /* main.m */; };
		09E275131E23F123008658E6 /* Company.m in Sources */ = {isa = PBXBuildFile; fileRef = 09E275121E23F123008658E6 /* Company.m */; };
		09E275161E23F916008658E6 /* Product.m in Sources */ = {isa = PBXBuildFile; fileRef = 09E275151E23F916008658E6 /* Product.m */; };
/* End PBXBuildFile section */

/* Begin PBXCopyFilesBuildPhase section */
		090046E21E21959B00411E01 /* CopyFiles */ = {
			isa = PBXCopyFilesBuildPhase;
			buildActionMask = 2147483647;
			dstPath = /usr/share/man/man1/;
			dstSubfolderSpec = 0;
			files = (
			);
			runOnlyForDeploymentPostprocessing = 1;
		};
/* End PBXCopyFilesBuildPhase section */

/* Begin PBXFileReference section */
		090046E41E21959B00411E01 /* MoreOnArraysAndDictionaries */ = {isa = PBXFileReference; explicitFileType = "compiled.mach-o.executable"; includeInIndex = 0; path = MoreOnArraysAndDictionaries; sourceTree = BUILT_PRODUCTS_DIR; };
		090046E71E21959B00411E01 /* main.m */ = {isa = PBXFileReference; lastKnownFileType = sourcecode.c.objc; path = main.m; sourceTree = "<group>"; };
		09E275111E23F123008658E6 /* Company.h */ = {isa = PBXFileReference; fileEncoding = 4; lastKnownFileType = sourcecode.c.h; path = Company.h; sourceTree = "<group>"; };
		09E275121E23F123008658E6 /* Company.m */ = {isa = PBXFileReference; fileEncoding = 4; lastKnownFileType = sourcecode.c.objc; path = Company.m; sourceTree = "<group>"; };
		09E275141E23F916008658E6 /* Product.h */ = {isa = PBXFileReference; fileEncoding = 4; lastKnownFileType = sourcecode.c.h; path = Product.h; sourceTree = "<group>"; };
		09E275151E23F916008658E6 /* Product.m */ = {isa = PBXFileReference; fileEncoding = 4; lastKnownFileType = sourcecode.c.objc; path = Product.m; sourceTree = "<group>"; };
/* End PBXFileReference section */

/* Begin PBXFrameworksBuildPhase section */
		090046E11E21959B00411E01 /* Frameworks */ = {
			isa = PBXFrameworksBuildPhase;
			buildActionMask = 2147483647;
			files = (
			);
			runOnlyForDeploymentPostprocessing = 0;
		};
/* End PBXFrameworksBuildPhase section */

/* Begin PBXGroup section */
		090046DB1E21959B00411E01 = {
			isa = PBXGroup;
			children = (
				090046E61E21959B00411E01 /* MoreOnArraysAndDictionaries */,
				090046E51E21959B00411E01 /* Products */,
			);
			sourceTree = "<group>";
		};
		090046E51E21959B00411E01 /* Products */ = {
			isa = PBXGroup;
			children = (
				090046E41E21959B00411E01 /* MoreOnArraysAndDictionaries */,
			);
			name = Products;
			sourceTree = "<group>";
		};
		090046E61E21959B00411E01 /* MoreOnArraysAndDictionaries */ = {
			isa = PBXGroup;
			children = (
				090046E71E21959B00411E01 /* main.m */,
				09E275141E23F916008658E6 /* Product.h */,
				09E275151E23F916008658E6 /* Product.m */,
				09E275111E23F123008658E6 /* Company.h */,
				09E275121E23F123008658E6 /* Company.m */,
			);
			path = MoreOnArraysAndDictionaries;
			sourceTree = "<group>";
		};
/* End PBXGroup section */

/* Begin PBXNativeTarget section */
		090046E31E21959B00411E01 /* MoreOnArraysAndDictionaries */ = {
			isa = PBXNativeTarget;
			buildConfigurationList = 090046EB1E21959B00411E01 /* Build configuration list for PBXNativeTarget "MoreOnArraysAndDictionaries" */;
			buildPhases = (
				090046E01E21959B00411E01 /* Sources */,
				090046E11E21959B00411E01 /* Frameworks */,
				090046E21E21959B00411E01 /* CopyFiles */,
			);
			buildRules = (
			);
			dependencies = (
			);
			name = MoreOnArraysAndDictionaries;
			productName = MoreOnArraysAndDictionaries;
			productReference = 090046E41E21959B00411E01 /* MoreOnArraysAndDictionaries */;
			productType = "com.apple.product-type.tool";
		};
/* End PBXNativeTarget section */

/* Begin PBXProject section */
		090046DC1E21959B00411E01 /* Project object */ = {
			isa = PBXProject;
			attributes = {
				LastUpgradeCheck = 0820;
				ORGANIZATIONNAME = "Turn To Tech";
				TargetAttributes = {
					090046E31E21959B00411E01 = {
						CreatedOnToolsVersion = 8.2.1;
						DevelopmentTeam = 5P88HHTNS2;
						ProvisioningStyle = Automatic;
					};
				};
			};
			buildConfigurationList = 090046DF1E21959B00411E01 /* Build configuration list for PBXProject "MoreOnArraysAndDictionaries" */;
			compatibilityVersion = "Xcode 3.2";
			developmentRegion = English;
			hasScannedForEncodings = 0;
			knownRegions = (
				en,
			);
			mainGroup = 090046DB1E21959B00411E01;
			productRefGroup = 090046E51E21959B00411E01 /* Products */;
			projectDirPath = "";
			projectRoot = "";
			targets = (
				090046E31E21959B00411E01 /* MoreOnArraysAndDictionaries */,
			);
		};
/* End PBXProject section */

/* Begin PBXSourcesBuildPhase section */
		090046E01E21959B00411E01 /* Sources */ = {
			isa = PBXSourcesBuildPhase;
			buildActionMask = 2147483647;
			files = (
				09E275161E23F916008658E6 /* Product.m in Sources */,
				090046E81E21959B00411E01 /* main.m in Sources */,
				09E275131E23F123008658E6 /* Company.m in Sources */,
			);
			runOnlyForDeploymentPostprocessing = 0;
		};
/* End PBXSourcesBuildPhase section */

/* Begin XCBuildConfiguration section */
		090046E91E21959B00411E01 /* Debug */ = {
			isa = XCBuildConfiguration;
			buildSettings = {
				ALWAYS_SEARCH_USER_PATHS = NO;
				CLANG_ANALYZER_NONNULL = YES;
				CLANG_CXX_LANGUAGE_STANDARD = "gnu++0x";
				CLANG_CXX_LIBRARY = "libc++";
				CLANG_ENABLE_MODULES = YES;
				CLANG_ENABLE_OBJC_ARC = YES;
				CLANG_WARN_BOOL_CONVERSION = YES;
				CLANG_WARN_CONSTANT_CONVERSION = YES;
				CLANG_WARN_DIRECT_OBJC_ISA_USAGE = YES_ERROR;
				CLANG_WARN_DOCUMENTATION_COMMENTS = YES;
				CLANG_WARN_EMPTY_BODY = YES;
				CLANG_WARN_ENUM_CONVERSION = YES;
				CLANG_WARN_INFINITE_RECURSION = YES;
				CLANG_WARN_INT_CONVERSION = YES;
				CLANG_WARN_OBJC_ROOT_CLASS = YES_ERROR;
				CLANG_WARN_SUSPICIOUS_MOVE = YES;
				CLANG_WARN_UNREACHABLE_CODE = YES;
				CLANG_WARN__DUPLICATE_METHOD_MATCH = YES;
				CODE_SIGN_IDENTITY = "-";
				COPY_PHASE_STRIP = NO;
				DEBUG_INFORMATION_FORMAT = dwarf;
				ENABLE_STRICT_OBJC_MSGSEND = YES;
				ENABLE_TESTABILITY = YES;
				GCC_C_LANGUAGE_STANDARD = gnu99;
				GCC_DYNAMIC_NO_PIC = NO;
				GCC_NO_COMMON_BLOCKS = YES;
				GCC_OPTIMIZATION_LEVEL = 0;
				GCC_PREPROCESSOR_DEFINITIONS = (
					"DEBUG=1",
					"$(inherited)",
				);
				GCC_WARN_64_TO_32_BIT_CONVERSION = YES;
				GCC_WARN_ABOUT_RETURN_TYPE = YES_ERROR;
				GCC_WARN_UNDECLARED_SELECTOR = YES;
				GCC_WARN_UNINITIALIZED_AUTOS = YES_AGGRESSIVE;
				GCC_WARN_UNUSED_FUNCTION = YES;
				GCC_WARN_UNUSED_VARIABLE = YES;
				MACOSX_DEPLOYMENT_TARGET = 10.12;
				MTL_ENABLE_DEBUG_INFO = YES;
				ONLY_ACTIVE_ARCH = YES;
				SDKROOT = macosx;
			};
			name = Debug;
		};
		090046EA1E21959B00411E01 /* Release */ = {
			isa = XCBuildConfiguration;
			buildSettings = {
				ALWAYS_SEARCH_USER_PATHS = NO;
				CLANG_ANALYZER_NONNULL = YES;
				CLANG_CXX_LANGUAGE_STANDARD = "gnu++0x";
				CLANG_CXX_LIBRARY = "libc++";
				CLANG_ENABLE_MODULES = YES;
				CLANG_ENABLE_OBJC_ARC = YES;
				CLANG_WARN_BOOL_CONVERSION = YES;
				CLANG_WARN_CONSTANT_CONVERSION = YES;
				CLANG_WARN_DIRECT_OBJC_ISA_USAGE = YES_ERROR;
				CLANG_WARN_DOCUMENTATION_COMMENTS = YES;
				CLANG_WARN_EMPTY_BODY = YES;
				CLANG_WARN_ENUM_CONVERSION = YES;
				CLANG_WARN_INFINITE_RECURSION = YES;
				CLANG_WARN_INT_CONVERSION = YES;
				CLANG_WARN_OBJC_ROOT_CLASS = YES_ERROR;
				CLANG_WARN_SUSPICIOUS_MOVE = YES;
				CLANG_WARN_UNREACHABLE_CODE = YES;
				CLANG_WARN__DUPLICATE_METHOD_MATCH = YES;
				CODE_SIGN_IDENTITY = "-";
				COPY_PHASE_STRIP = NO;
				DEBUG_INFORMATION_FORMAT = "dwarf-with-dsym";
				ENABLE_NS_ASSERTIONS = NO;
				ENABLE_STRICT_OBJC_MSGSEND = YES;
				GCC_C_LANGUAGE_STANDARD = gnu99;
				GCC_NO_COMMON_BLOCKS = YES;
				GCC_WARN_64_TO_32_BIT_CONVERSION = YES;
				GCC_WARN_ABOUT_RETURN_TYPE = YES_ERROR;
				GCC_WARN_UNDECLARED_SELECTOR = YES;
				GCC_WARN_UNINITIALIZED_AUTOS = YES_AGGRESSIVE;
				GCC_WARN_UNUSED_FUNCTION = YES;
				GCC_WARN_UNUSED_VARIABLE = YES;
				MACOSX_DEPLOYMENT_TARGET = 10.12;
				MTL_ENABLE_DEBUG_INFO = NO;
				SDKROOT = macosx;
			};
			name = Release;
		};
		090046EC1E21959B00411E01 /* Debug */ = {
			isa = XCBuildConfiguration;
			buildSettings = {
				DEVELOPMENT_TEAM = 5P88HHTNS2;
				PRODUCT_NAME = "$(TARGET_NAME)";
			};
			name = Debug;
		};
		090046ED1E21959B00411E01 /* Release */ = {
			isa = XCBuildConfiguration;
			buildSettings = {
				DEVELOPMENT_TEAM = 5P88HHTNS2;
				PRODUCT_NAME = "$(TARGET_NAME)";
			};
			name = Release;
		};
/* End XCBuildConfiguration section */

/* Begin XCConfigurationList section */
		090046DF1E21959B00411E01 /* Build configuration list for PBXProject "MoreOnArraysAndDictionaries" */ = {
			isa = XCConfigurationList;
			buildConfigurations = (
				090046E91E21959B00411E01 /* Debug */,
				090046EA1E21959B00411E01 /* Release */,
			);
			defaultConfigurationIsVisible = 0;
			defaultConfigurationName = Release;
		};
		090046EB1E21959B00411E01 /* Build configuration list for PBXNativeTarget "MoreOnArraysAndDictionaries" */ = {
			isa = XCConfigurationList;
			buildConfigurations = (
				090046EC1E21959B00411E01 /* Debug */,
				090046ED1E21959B00411E01 /* Release */,
			);
			defaultConfigurationIsVisible = 0;
			defaultConfigurationName = Release;
		};
/* End XCConfigurationList section */
	};
	rootObject = 090046DC1E21959B00411E01 /* Project object */;
}
